
Microsoft Visual Studio Solution File, Format Version 12.00
# Visual Studio Version 16
VisualStudioVersion = 16.0.30611.23
MinimumVisualStudioVersion = 10.0.40219.1
Project("{FAE04EC0-301F-11D3-BF4B-00C04F79EFBC}") = "TestDrivenDevelopment_Demo", "TestDrivenDevelopment_Demo\TestDrivenDevelopment_Demo.csproj", "{0B4024F0-BED4-4158-9B7E-80991DA4AFE2}"
EndProject
Project("{FAE04EC0-301F-11D3-BF4B-00C04F79EFBC}") = "TestDrivenDevelopment_Demo.Tests", "TestDrivenDevelopment_Demo.Tests\TestDrivenDevelopment_Demo.Tests.csproj", "{CDD24008-70AE-4BE8-B287-881011C51B0D}"
EndProject
Global
	GlobalSection(SolutionConfigurationPlatforms) = preSolution
		Debug|Any CPU = Debug|Any CPU
		Release|Any CPU = Release|Any CPU
	EndGlobalSection
	GlobalSection(ProjectConfigurationPlatforms) = postSolution
		{0B4024F0-BED4-4158-9B7E-80991DA4AFE2}.Debug|Any CPU.ActiveCfg = Debug|Any CPU
		{0B4024F0-BED4-4158-9B7E-80991DA4AFE2}.Debug|Any CPU.Build.0 = Debug|Any CPU
		{0B4024F0-BED4-4158-9B7E-80991DA4AFE2}.Release|Any CPU.ActiveCfg = Release|Any CPU
		{0B4024F0-BED4-4158-9B7E-80991DA4AFE2}.Release|Any CPU.Build.0 = Release|Any CPU
		{CDD24008-70AE-4BE8-B287-881011C51B0D}.Debug|Any CPU.ActiveCfg = Debug|Any CPU
		{CDD24008-70AE-4BE8-B287-881011C51B0D}.Debug|Any CPU.Build.0 = Debug|Any CPU
		{CDD24008-70AE-4BE8-B287-881011C51B0D}.Release|Any CPU.ActiveCfg = Release|Any CPU
		{CDD24008-70AE-4BE8-B287-881011C51B0D}.Release|Any CPU.Build.0 = Release|Any CPU
	EndGlobalSection
	GlobalSection(SolutionProperties) = preSolution
		HideSolutionNode = FALSE
	EndGlobalSection
	GlobalSection(ExtensibilityGlobals) = postSolution
		SolutionGuid = {E3F2BC9E-815A-4E01-874C-7CF115CE509D}
	EndGlobalSection
EndGlobal
